
Microsoft Visual Studio Solution File, Format Version 12.00
# Visual Studio Version 16
VisualStudioVersion = 16.0.29503.13
MinimumVisualStudioVersion = 10.0.40219.1
Project("{FAE04EC0-301F-11D3-BF4B-00C04F79EFBC}") = "UI", "NoSQLProject\UI.csproj", "{0AB65AAD-B539-4DAE-955D-0FEE75A1005F}"
EndProject
Project("{FAE04EC0-301F-11D3-BF4B-00C04F79EFBC}") = "DAO", "DAO\DAO.csproj", "{A7CA5BB0-A918-4D23-B175-D6B058DD7DD2}"
EndProject
Project("{FAE04EC0-301F-11D3-BF4B-00C04F79EFBC}") = "Service", "Service\Service.csproj", "{4BC0E806-9333-4713-B3FE-F197D6CAD227}"
EndProject
Project("{FAE04EC0-301F-11D3-BF4B-00C04F79EFBC}") = "Model", "Model\Model.csproj", "{99200F97-E168-49B2-B8A1-3A48660ECFC4}"
EndProject
Project("{2150E333-8FDC-42A3-9474-1A3956D46DE8}") = "Solution Items", "Solution Items", "{378B25DB-1F4F-47C6-B683-55E7AC906384}"
	ProjectSection(SolutionItems) = preProject
		.editorconfig = .editorconfig
	EndProjectSection
EndProject
Global
	GlobalSection(SolutionConfigurationPlatforms) = preSolution
		Debug|Any CPU = Debug|Any CPU
		Release|Any CPU = Release|Any CPU
	EndGlobalSection
	GlobalSection(ProjectConfigurationPlatforms) = postSolution
		{0AB65AAD-B539-4DAE-955D-0FEE75A1005F}.Debug|Any CPU.ActiveCfg = Debug|Any CPU
		{0AB65AAD-B539-4DAE-955D-0FEE75A1005F}.Debug|Any CPU.Build.0 = Debug|Any CPU
		{0AB65AAD-B539-4DAE-955D-0FEE75A1005F}.Release|Any CPU.ActiveCfg = Release|Any CPU
		{0AB65AAD-B539-4DAE-955D-0FEE75A1005F}.Release|Any CPU.Build.0 = Release|Any CPU
		{A7CA5BB0-A918-4D23-B175-D6B058DD7DD2}.Debug|Any CPU.ActiveCfg = Debug|Any CPU
		{A7CA5BB0-A918-4D23-B175-D6B058DD7DD2}.Debug|Any CPU.Build.0 = Debug|Any CPU
		{A7CA5BB0-A918-4D23-B175-D6B058DD7DD2}.Release|Any CPU.ActiveCfg = Release|Any CPU
		{A7CA5BB0-A918-4D23-B175-D6B058DD7DD2}.Release|Any CPU.Build.0 = Release|Any CPU
		{4BC0E806-9333-4713-B3FE-F197D6CAD227}.Debug|Any CPU.ActiveCfg = Debug|Any CPU
		{4BC0E806-9333-4713-B3FE-F197D6CAD227}.Debug|Any CPU.Build.0 = Debug|Any CPU
		{4BC0E806-9333-4713-B3FE-F197D6CAD227}.Release|Any CPU.ActiveCfg = Release|Any CPU
		{4BC0E806-9333-4713-B3FE-F197D6CAD227}.Release|Any CPU.Build.0 = Release|Any CPU
		{99200F97-E168-49B2-B8A1-3A48660ECFC4}.Debug|Any CPU.ActiveCfg = Debug|Any CPU
		{99200F97-E168-49B2-B8A1-3A48660ECFC4}.Debug|Any CPU.Build.0 = Debug|Any CPU
		{99200F97-E168-49B2-B8A1-3A48660ECFC4}.Release|Any CPU.ActiveCfg = Release|Any CPU
		{99200F97-E168-49B2-B8A1-3A48660ECFC4}.Release|Any CPU.Build.0 = Release|Any CPU
	EndGlobalSection
	GlobalSection(SolutionProperties) = preSolution
		HideSolutionNode = FALSE
	EndGlobalSection
	GlobalSection(ExtensibilityGlobals) = postSolution
		SolutionGuid = {7DB200BD-4F4D-44A8-B2E4-43238D049274}
	EndGlobalSection
EndGlobal
